
Microsoft Visual Studio Solution File, Format Version 11.00
# Visual Studio 2010
# SharpDevelop 4.2.1.8805
Project("{FD48973F-F585-4F70-812B-4D0503B36CE9}") = "strint4", "strint4.pyproj", "{5F4B6131-3C88-4BB7-B6B0-02F03A86D542}"
EndProject
Global
	GlobalSection(SolutionConfigurationPlatforms) = preSolution
		Debug|x86 = Debug|x86
		Release|x86 = Release|x86
	EndGlobalSection
	GlobalSection(ProjectConfigurationPlatforms) = postSolution
		{5F4B6131-3C88-4BB7-B6B0-02F03A86D542}.Debug|x86.Build.0 = Debug|x86
		{5F4B6131-3C88-4BB7-B6B0-02F03A86D542}.Debug|x86.ActiveCfg = Debug|x86
		{5F4B6131-3C88-4BB7-B6B0-02F03A86D542}.Release|x86.Build.0 = Release|x86
		{5F4B6131-3C88-4BB7-B6B0-02F03A86D542}.Release|x86.ActiveCfg = Release|x86
	EndGlobalSection
EndGlobal
