
Microsoft Visual Studio Solution File, Format Version 11.00
# Visual Studio 2010
# SharpDevelop 4.2.1.8805
Project("{FD48973F-F585-4F70-812B-4D0503B36CE9}") = "names", "names.pyproj", "{CA8A494B-0CE6-47F9-B579-AA159B2F4995}"
EndProject
Global
	GlobalSection(SolutionConfigurationPlatforms) = preSolution
		Debug|x86 = Debug|x86
		Release|x86 = Release|x86
	EndGlobalSection
	GlobalSection(ProjectConfigurationPlatforms) = postSolution
		{CA8A494B-0CE6-47F9-B579-AA159B2F4995}.Debug|x86.Build.0 = Debug|x86
		{CA8A494B-0CE6-47F9-B579-AA159B2F4995}.Debug|x86.ActiveCfg = Debug|x86
		{CA8A494B-0CE6-47F9-B579-AA159B2F4995}.Release|x86.Build.0 = Release|x86
		{CA8A494B-0CE6-47F9-B579-AA159B2F4995}.Release|x86.ActiveCfg = Release|x86
	EndGlobalSection
EndGlobal
